PODS:
  - amap_flutter_location (0.0.1):
    - AMapLocation (~> 2.6.7)
    - Flutter
  - AMapFoundation (1.6.7)
  - AMapLocation (2.6.8):
    - AMapFoundation (~> 1.6.4)
  - Flutter (1.0.0)
  - "permission_handler (5.1.0+2)":
    - Flutter

DEPENDENCIES:
  - amap_flutter_location (from `.symlinks/plugins/amap_flutter_location/ios`)
  - Flutter (from `Flutter`)
  - permission_handler (from `.symlinks/plugins/permission_handler/ios`)

SPEC REPOS:
  trunk:
    - AMapFoundation
    - AMapLocation

EXTERNAL SOURCES:
  amap_flutter_location:
    :path: ".symlinks/plugins/amap_flutter_location/ios"
  Flutter:
    :path: Flutter
  permission_handler:
    :path: ".symlinks/plugins/permission_handler/ios"

SPEC CHECKSUMS:
  amap_flutter_location: 3e33b57f1aad80b0dfb4b399de857a1a9f071e62
  AMapFoundation: c7da72b42a713f1429c88af1858d623dde88934b
  AMapLocation: dad27669c4ca68e395ce7532ff614b7d4d45f7b7
  Flutter: 434fef37c0980e73bb6479ef766c45957d4b510c
  permission_handler: ccb20a9fad0ee9b1314a52b70b76b473c5f8dab0

PODFILE CHECKSUM: 8e679eca47255a8ca8067c4c67aab20e64cb974d

COCOAPODS: 1.10.1
